github.com/doctor112-1/decentralized-domain-name-system-go/utils v0.0.0-20250803231245-0acb831c4b1b h1:EjUpkZPIwIVxCvaX1nNH1uFXIFpX2gXCwy7y/xTshFg=
github.com/doctor112-1/decentralized-domain-name-system-go/utils v0.0.0-20250803231245-0acb831c4b1b/go.mod h1:B0M1SWJU2upS2uQqZZJEt22Sg1zRqjcJUSIPSamEgLM=
